
Microsoft Visual Studio Solution File, Format Version 12.00
# Visual Studio Version 17
VisualStudioVersion = 17.11.35431.28
MinimumVisualStudioVersion = 10.0.40219.1
Project("{FAE04EC0-301F-11D3-BF4B-00C04F79EFBC}") = "RTLVuln", "RTLVuln.csproj", "{2A659179-A5CA-4EEB-8327-8077924F0588}"
EndProject
Global
	GlobalSection(SolutionConfigurationPlatforms) = preSolution
		Debug|Any CPU = Debug|Any CPU
		Release|Any CPU = Release|Any CPU
	EndGlobalSection
	GlobalSection(ProjectConfigurationPlatforms) = postSolution
		{2A659179-A5CA-4EEB-8327-8077924F0588}.Debug|Any CPU.ActiveCfg = Debug|Any CPU
		{2A659179-A5CA-4EEB-8327-8077924F0588}.Debug|Any CPU.Build.0 = Debug|Any CPU
		{2A659179-A5CA-4EEB-8327-8077924F0588}.Release|Any CPU.ActiveCfg = Release|Any CPU
		{2A659179-A5CA-4EEB-8327-8077924F0588}.Release|Any CPU.Build.0 = Release|Any CPU
	EndGlobalSection
	GlobalSection(SolutionProperties) = preSolution
		HideSolutionNode = FALSE
	EndGlobalSection
	GlobalSection(ExtensibilityGlobals) = postSolution
		SolutionGuid = {DBCC6D1F-657F-4566-979C-18191E652411}
	EndGlobalSection
EndGlobal
